
Microsoft Visual Studio Solution File, Format Version 12.00
# Visual Studio 15
VisualStudioVersion = 15.0.27703.2047
MinimumVisualStudioVersion = 10.0.40219.1
Project("{FAE04EC0-301F-11D3-BF4B-00C04F79EFBC}") = "Sales.Android", "Sales\Sales.Android\Sales.Android.csproj", "{B2B54162-EF58-40D9-9B93-615D1BAE35E5}"
EndProject
Project("{FAE04EC0-301F-11D3-BF4B-00C04F79EFBC}") = "Sales.iOS", "Sales\Sales.iOS\Sales.iOS.csproj", "{7AD5D1F6-40B6-4737-9E97-68F6D08BB26F}"
EndProject
Project("{FAE04EC0-301F-11D3-BF4B-00C04F79EFBC}") = "Sales.UWP", "Sales\Sales.UWP\Sales.UWP.csproj", "{75E2B43A-59CB-49AB-8EB7-64F27C69B124}"
EndProject
Project("{FAE04EC0-301F-11D3-BF4B-00C04F79EFBC}") = "Sales", "Sales\Sales\Sales.csproj", "{80010292-1AE0-4645-92E7-E43F4E771142}"
EndProject
Project("{FAE04EC0-301F-11D3-BF4B-00C04F79EFBC}") = "Sales.Backend", "Sales.Backend\Sales.Backend.csproj", "{A71E9288-C156-4748-BE49-48005ED93D7A}"
EndProject
Project("{FAE04EC0-301F-11D3-BF4B-00C04F79EFBC}") = "Sales.API", "Sales.API\Sales.API.csproj", "{A6C4722E-6C25-45D8-9135-16AE1161BAC3}"
EndProject
Project("{FAE04EC0-301F-11D3-BF4B-00C04F79EFBC}") = "Sales.Domain", "Sales.Domain\Sales.Domain.csproj", "{F91464BE-3606-42EA-B6D5-DDDD6EF83116}"
EndProject
Project("{FAE04EC0-301F-11D3-BF4B-00C04F79EFBC}") = "Sales.Common", "Sales.Common\Sales.Common.csproj", "{E05D223E-4F42-4E38-BF5A-1B9A8F4A01B4}"
EndProject
Global
	GlobalSection(SolutionConfigurationPlatforms) = preSolution
		Ad-Hoc|Any CPU = Ad-Hoc|Any CPU
		Ad-Hoc|ARM = Ad-Hoc|ARM
		Ad-Hoc|iPhone = Ad-Hoc|iPhone
		Ad-Hoc|iPhoneSimulator = Ad-Hoc|iPhoneSimulator
		Ad-Hoc|x64 = Ad-Hoc|x64
		Ad-Hoc|x86 = Ad-Hoc|x86
		AppStore|Any CPU = AppStore|Any CPU
		AppStore|ARM = AppStore|ARM
		AppStore|iPhone = AppStore|iPhone
		AppStore|iPhoneSimulator = AppStore|iPhoneSimulator
		AppStore|x64 = AppStore|x64
		AppStore|x86 = AppStore|x86
		Debug|Any CPU = Debug|Any CPU
		Debug|ARM = Debug|ARM
		Debug|iPhone = Debug|iPhone
		Debug|iPhoneSimulator = Debug|iPhoneSimulator
		Debug|x64 = Debug|x64
		Debug|x86 = Debug|x86
		Release|Any CPU = Release|Any CPU
		Release|ARM = Release|ARM
		Release|iPhone = Release|iPhone
		Release|iPhoneSimulator = Release|iPhoneSimulator
		Release|x64 = Release|x64
		Release|x86 = Release|x86
	EndGlobalSection
	GlobalSection(ProjectConfigurationPlatforms) = postSolution
		{B2B54162-EF58-40D9-9B93-615D1BAE35E5}.Ad-Hoc|Any CPU.ActiveCfg = Release|Any CPU
		{B2B54162-EF58-40D9-9B93-615D1BAE35E5}.Ad-Hoc|Any CPU.Build.0 = Release|Any CPU
		{B2B54162-EF58-40D9-9B93-615D1BAE35E5}.Ad-Hoc|Any CPU.Deploy.0 = Release|Any CPU
		{B2B54162-EF58-40D9-9B93-615D1BAE35E5}.Ad-Hoc|ARM.ActiveCfg = Release|Any CPU
		{B2B54162-EF58-40D9-9B93-615D1BAE35E5}.Ad-Hoc|ARM.Build.0 = Release|Any CPU
		{B2B54162-EF58-40D9-9B93-615D1BAE35E5}.Ad-Hoc|ARM.Deploy.0 = Release|Any CPU
		{B2B54162-EF58-40D9-9B93-615D1BAE35E5}.Ad-Hoc|iPhone.ActiveCfg = Release|Any CPU
		{B2B54162-EF58-40D9-9B93-615D1BAE35E5}.Ad-Hoc|iPhone.Build.0 = Release|Any CPU
		{B2B54162-EF58-40D9-9B93-615D1BAE35E5}.Ad-Hoc|iPhone.Deploy.0 = Release|Any CPU
		{B2B54162-EF58-40D9-9B93-615D1BAE35E5}.Ad-Hoc|iPhoneSimulator.ActiveCfg = Release|Any CPU
		{B2B54162-EF58-40D9-9B93-615D1BAE35E5}.Ad-Hoc|iPhoneSimulator.Build.0 = Release|Any CPU
		{B2B54162-EF58-40D9-9B93-615D1BAE35E5}.Ad-Hoc|iPhoneSimulator.Deploy.0 = Release|Any CPU
		{B2B54162-EF58-40D9-9B93-615D1BAE35E5}.Ad-Hoc|x64.ActiveCfg = Release|Any CPU
		{B2B54162-EF58-40D9-9B93-615D1BAE35E5}.Ad-Hoc|x64.Build.0 = Release|Any CPU
		{B2B54162-EF58-40D9-9B93-615D1BAE35E5}.Ad-Hoc|x64.Deploy.0 = Release|Any CPU
		{B2B54162-EF58-40D9-9B93-615D1BAE35E5}.Ad-Hoc|x86.ActiveCfg = Release|Any CPU
		{B2B54162-EF58-40D9-9B93-615D1BAE35E5}.Ad-Hoc|x86.Build.0 = Release|Any CPU
		{B2B54162-EF58-40D9-9B93-615D1BAE35E5}.Ad-Hoc|x86.Deploy.0 = Release|Any CPU
		{B2B54162-EF58-40D9-9B93-615D1BAE35E5}.AppStore|Any CPU.ActiveCfg = Release|Any CPU
		{B2B54162-EF58-40D9-9B93-615D1BAE35E5}.AppStore|Any CPU.Build.0 = Release|Any CPU
		{B2B54162-EF58-40D9-9B93-615D1BAE35E5}.AppStore|Any CPU.Deploy.0 = Release|Any CPU
		{B2B54162-EF58-40D9-9B93-615D1BAE35E5}.AppStore|ARM.ActiveCfg = Release|Any CPU
		{B2B54162-EF58-40D9-9B93-615D1BAE35E5}.AppStore|ARM.Build.0 = Release|Any CPU
		{B2B54162-EF58-40D9-9B93-615D1BAE35E5}.AppStore|ARM.Deploy.0 = Release|Any CPU
		{B2B54162-EF58-40D9-9B93-615D1BAE35E5}.AppStore|iPhone.ActiveCfg = Release|Any CPU
		{B2B54162-EF58-40D9-9B93-615D1BAE35E5}.AppStore|iPhone.Build.0 = Release|Any CPU
		{B2B54162-EF58-40D9-9B93-615D1BAE35E5}.AppStore|iPhone.Deploy.0 = Release|Any CPU
		{B2B54162-EF58-40D9-9B93-615D1BAE35E5}.AppStore|iPhoneSimulator.ActiveCfg = Release|Any CPU
		{B2B54162-EF58-40D9-9B93-615D1BAE35E5}.AppStore|iPhoneSimulator.Build.0 = Release|Any CPU
		{B2B54162-EF58-40D9-9B93-615D1BAE35E5}.AppStore|iPhoneSimulator.Deploy.0 = Release|Any CPU
		{B2B54162-EF58-40D9-9B93-615D1BAE35E5}.AppStore|x64.ActiveCfg = Release|Any CPU
		{B2B54162-EF58-40D9-9B93-615D1BAE35E5}.AppStore|x64.Build.0 = Release|Any CPU
		{B2B54162-EF58-40D9-9B93-615D1BAE35E5}.AppStore|x64.Deploy.0 = Release|Any CPU
		{B2B54162-EF58-40D9-9B93-615D1BAE35E5}.AppStore|x86.ActiveCfg = Release|Any CPU
		{B2B54162-EF58-40D9-9B93-615D1BAE35E5}.AppStore|x86.Build.0 = Release|Any CPU
		{B2B54162-EF58-40D9-9B93-615D1BAE35E5}.AppStore|x86.Deploy.0 = Release|Any CPU
		{B2B54162-EF58-40D9-9B93-615D1BAE35E5}.Debug|Any CPU.ActiveCfg = Debug|Any CPU
		{B2B54162-EF58-40D9-9B93-615D1BAE35E5}.Debug|Any CPU.Build.0 = Debug|Any CPU
		{B2B54162-EF58-40D9-9B93-615D1BAE35E5}.Debug|Any CPU.Deploy.0 = Debug|Any CPU
		{B2B54162-EF58-40D9-9B93-615D1BAE35E5}.Debug|ARM.ActiveCfg = Debug|Any CPU
		{B2B54162-EF58-40D9-9B93-615D1BAE35E5}.Debug|ARM.Build.0 = Debug|Any CPU
		{B2B54162-EF58-40D9-9B93-615D1BAE35E5}.Debug|ARM.Deploy.0 = Debug|Any CPU
		{B2B54162-EF58-40D9-9B93-615D1BAE35E5}.Debug|iPhone.ActiveCfg = Debug|Any CPU
		{B2B54162-EF58-40D9-9B93-615D1BAE35E5}.Debug|iPhone.Build.0 = Debug|Any CPU
		{B2B54162-EF58-40D9-9B93-615D1BAE35E5}.Debug|iPhone.Deploy.0 = Debug|Any CPU
		{B2B54162-EF58-40D9-9B93-615D1BAE35E5}.Debug|iPhoneSimulator.ActiveCfg = Debug|Any CPU
		{B2B54162-EF58-40D9-9B93-615D1BAE35E5}.Debug|iPhoneSimulator.Build.0 = Debug|Any CPU
		{B2B54162-EF58-40D9-9B93-615D1BAE35E5}.Debug|iPhoneSimulator.Deploy.0 = Debug|Any CPU
		{B2B54162-EF58-40D9-9B93-615D1BAE35E5}.Debug|x64.ActiveCfg = Debug|Any CPU
		{B2B54162-EF58-40D9-9B93-615D1BAE35E5}.Debug|x64.Build.0 = Debug|Any CPU
		{B2B54162-EF58-40D9-9B93-615D1BAE35E5}.Debug|x64.Deploy.0 = Debug|Any CPU
		{B2B54162-EF58-40D9-9B93-615D1BAE35E5}.Debug|x86.ActiveCfg = Debug|Any CPU
		{B2B54162-EF58-40D9-9B93-615D1BAE35E5}.Debug|x86.Build.0 = Debug|Any CPU
		{B2B54162-EF58-40D9-9B93-615D1BAE35E5}.Debug|x86.Deploy.0 = Debug|Any CPU
		{B2B54162-EF58-40D9-9B93-615D1BAE35E5}.Release|Any CPU.ActiveCfg = Release|Any CPU
		{B2B54162-EF58-40D9-9B93-615D1BAE35E5}.Release|Any CPU.Build.0 = Release|Any CPU
		{B2B54162-EF58-40D9-9B93-615D1BAE35E5}.Release|Any CPU.Deploy.0 = Release|Any CPU
		{B2B54162-EF58-40D9-9B93-615D1BAE35E5}.Release|ARM.ActiveCfg = Release|Any CPU
		{B2B54162-EF58-40D9-9B93-615D1BAE35E5}.Release|ARM.Build.0 = Release|Any CPU
		{B2B54162-EF58-40D9-9B93-615D1BAE35E5}.Release|ARM.Deploy.0 = Release|Any CPU
		{B2B54162-EF58-40D9-9B93-615D1BAE35E5}.Release|iPhone.ActiveCfg = Release|Any CPU
		{B2B54162-EF58-40D9-9B93-615D1BAE35E5}.Release|iPhone.Build.0 = Release|Any CPU
		{B2B54162-EF58-40D9-9B93-615D1BAE35E5}.Release|iPhone.Deploy.0 = Release|Any CPU
		{B2B54162-EF58-40D9-9B93-615D1BAE35E5}.Release|iPhoneSimulator.ActiveCfg = Release|Any CPU
		{B2B54162-EF58-40D9-9B93-615D1BAE35E5}.Release|iPhoneSimulator.Build.0 = Release|Any CPU
		{B2B54162-EF58-40D9-9B93-615D1BAE35E5}.Release|iPhoneSimulator.Deploy.0 = Release|Any CPU
		{B2B54162-EF58-40D9-9B93-615D1BAE35E5}.Release|x64.ActiveCfg = Release|Any CPU
		{B2B54162-EF58-40D9-9B93-615D1BAE35E5}.Release|x64.Build.0 = Release|Any CPU
		{B2B54162-EF58-40D9-9B93-615D1BAE35E5}.Release|x64.Deploy.0 = Release|Any CPU
		{B2B54162-EF58-40D9-9B93-615D1BAE35E5}.Release|x86.ActiveCfg = Release|Any CPU
		{B2B54162-EF58-40D9-9B93-615D1BAE35E5}.Release|x86.Build.0 = Release|Any CPU
		{B2B54162-EF58-40D9-9B93-615D1BAE35E5}.Release|x86.Deploy.0 = Release|Any CPU
		{7AD5D1F6-40B6-4737-9E97-68F6D08BB26F}.Ad-Hoc|Any CPU.ActiveCfg = Ad-Hoc|iPhone
		{7AD5D1F6-40B6-4737-9E97-68F6D08BB26F}.Ad-Hoc|Any CPU.Build.0 = Ad-Hoc|iPhone
		{7AD5D1F6-40B6-4737-9E97-68F6D08BB26F}.Ad-Hoc|Any CPU.Deploy.0 = Ad-Hoc|iPhone
		{7AD5D1F6-40B6-4737-9E97-68F6D08BB26F}.Ad-Hoc|ARM.ActiveCfg = Ad-Hoc|iPhone
		{7AD5D1F6-40B6-4737-9E97-68F6D08BB26F}.Ad-Hoc|ARM.Build.0 = Ad-Hoc|iPhone
		{7AD5D1F6-40B6-4737-9E97-68F6D08BB26F}.Ad-Hoc|ARM.Deploy.0 = Ad-Hoc|iPhone
		{7AD5D1F6-40B6-4737-9E97-68F6D08BB26F}.Ad-Hoc|iPhone.ActiveCfg = Ad-Hoc|iPhone
		{7AD5D1F6-40B6-4737-9E97-68F6D08BB26F}.Ad-Hoc|iPhone.Build.0 = Ad-Hoc|iPhone
		{7AD5D1F6-40B6-4737-9E97-68F6D08BB26F}.Ad-Hoc|iPhone.Deploy.0 = Ad-Hoc|iPhone
		{7AD5D1F6-40B6-4737-9E97-68F6D08BB26F}.Ad-Hoc|iPhoneSimulator.ActiveCfg = Ad-Hoc|iPhoneSimulator
		{7AD5D1F6-40B6-4737-9E97-68F6D08BB26F}.Ad-Hoc|iPhoneSimulator.Build.0 = Ad-Hoc|iPhoneSimulator
		{7AD5D1F6-40B6-4737-9E97-68F6D08BB26F}.Ad-Hoc|iPhoneSimulator.Deploy.0 = Ad-Hoc|iPhoneSimulator
		{7AD5D1F6-40B6-4737-9E97-68F6D08BB26F}.Ad-Hoc|x64.ActiveCfg = Ad-Hoc|iPhone
		{7AD5D1F6-40B6-4737-9E97-68F6D08BB26F}.Ad-Hoc|x64.Build.0 = Ad-Hoc|iPhone
		{7AD5D1F6-40B6-4737-9E97-68F6D08BB26F}.Ad-Hoc|x64.Deploy.0 = Ad-Hoc|iPhone
		{7AD5D1F6-40B6-4737-9E97-68F6D08BB26F}.Ad-Hoc|x86.ActiveCfg = Ad-Hoc|iPhone
		{7AD5D1F6-40B6-4737-9E97-68F6D08BB26F}.Ad-Hoc|x86.Build.0 = Ad-Hoc|iPhone
		{7AD5D1F6-40B6-4737-9E97-68F6D08BB26F}.Ad-Hoc|x86.Deploy.0 = Ad-Hoc|iPhone
		{7AD5D1F6-40B6-4737-9E97-68F6D08BB26F}.AppStore|Any CPU.ActiveCfg = AppStore|iPhone
		{7AD5D1F6-40B6-4737-9E97-68F6D08BB26F}.AppStore|Any CPU.Build.0 = AppStore|iPhone
		{7AD5D1F6-40B6-4737-9E97-68F6D08BB26F}.AppStore|Any CPU.Deploy.0 = AppStore|iPhone
		{7AD5D1F6-40B6-4737-9E97-68F6D08BB26F}.AppStore|ARM.ActiveCfg = AppStore|iPhone
		{7AD5D1F6-40B6-4737-9E97-68F6D08BB26F}.AppStore|ARM.Build.0 = AppStore|iPhone
		{7AD5D1F6-40B6-4737-9E97-68F6D08BB26F}.AppStore|ARM.Deploy.0 = AppStore|iPhone
		{7AD5D1F6-40B6-4737-9E97-68F6D08BB26F}.AppStore|iPhone.ActiveCfg = AppStore|iPhone
		{7AD5D1F6-40B6-4737-9E97-68F6D08BB26F}.AppStore|iPhone.Build.0 = AppStore|iPhone
		{7AD5D1F6-40B6-4737-9E97-68F6D08BB26F}.AppStore|iPhone.Deploy.0 = AppStore|iPhone
		{7AD5D1F6-40B6-4737-9E97-68F6D08BB26F}.AppStore|iPhoneSimulator.ActiveCfg = AppStore|iPhoneSimulator
		{7AD5D1F6-40B6-4737-9E97-68F6D08BB26F}.AppStore|iPhoneSimulator.Build.0 = AppStore|iPhoneSimulator
		{7AD5D1F6-40B6-4737-9E97-68F6D08BB26F}.AppStore|iPhoneSimulator.Deploy.0 = AppStore|iPhoneSimulator
		{7AD5D1F6-40B6-4737-9E97-68F6D08BB26F}.AppStore|x64.ActiveCfg = AppStore|iPhone
		{7AD5D1F6-40B6-4737-9E97-68F6D08BB26F}.AppStore|x64.Build.0 = AppStore|iPhone
		{7AD5D1F6-40B6-4737-9E97-68F6D08BB26F}.AppStore|x64.Deploy.0 = AppStore|iPhone
		{7AD5D1F6-40B6-4737-9E97-68F6D08BB26F}.AppStore|x86.ActiveCfg = AppStore|iPhone
		{7AD5D1F6-40B6-4737-9E97-68F6D08BB26F}.AppStore|x86.Build.0 = AppStore|iPhone
		{7AD5D1F6-40B6-4737-9E97-68F6D08BB26F}.AppStore|x86.Deploy.0 = AppStore|iPhone
		{7AD5D1F6-40B6-4737-9E97-68F6D08BB26F}.Debug|Any CPU.ActiveCfg = Debug|iPhoneSimulator
		{7AD5D1F6-40B6-4737-9E97-68F6D08BB26F}.Debug|Any CPU.Build.0 = Debug|iPhoneSimulator
		{7AD5D1F6-40B6-4737-9E97-68F6D08BB26F}.Debug|Any CPU.Deploy.0 = Debug|iPhoneSimulator
		{7AD5D1F6-40B6-4737-9E97-68F6D08BB26F}.Debug|ARM.ActiveCfg = Debug|iPhone
		{7AD5D1F6-40B6-4737-9E97-68F6D08BB26F}.Debug|ARM.Build.0 = Debug|iPhone
		{7AD5D1F6-40B6-4737-9E97-68F6D08BB26F}.Debug|ARM.Deploy.0 = Debug|iPhone
		{7AD5D1F6-40B6-4737-9E97-68F6D08BB26F}.Debug|iPhone.ActiveCfg = Debug|iPhone
		{7AD5D1F6-40B6-4737-9E97-68F6D08BB26F}.Debug|iPhone.Build.0 = Debug|iPhone
		{7AD5D1F6-40B6-4737-9E97-68F6D08BB26F}.Debug|iPhone.Deploy.0 = Debug|iPhone
		{7AD5D1F6-40B6-4737-9E97-68F6D08BB26F}.Debug|iPhoneSimulator.ActiveCfg = Debug|iPhoneSimulator
		{7AD5D1F6-40B6-4737-9E97-68F6D08BB26F}.Debug|iPhoneSimulator.Build.0 = Debug|iPhoneSimulator
		{7AD5D1F6-40B6-4737-9E97-68F6D08BB26F}.Debug|iPhoneSimulator.Deploy.0 = Debug|iPhoneSimulator
		{7AD5D1F6-40B6-4737-9E97-68F6D08BB26F}.Debug|x64.ActiveCfg = Debug|iPhone
		{7AD5D1F6-40B6-4737-9E97-68F6D08BB26F}.Debug|x64.Build.0 = Debug|iPhone
		{7AD5D1F6-40B6-4737-9E97-68F6D08BB26F}.Debug|x64.Deploy.0 = Debug|iPhone
		{7AD5D1F6-40B6-4737-9E97-68F6D08BB26F}.Debug|x86.ActiveCfg = Debug|iPhone
		{7AD5D1F6-40B6-4737-9E97-68F6D08BB26F}.Debug|x86.Build.0 = Debug|iPhone
		{7AD5D1F6-40B6-4737-9E97-68F6D08BB26F}.Debug|x86.Deploy.0 = Debug|iPhone
		{7AD5D1F6-40B6-4737-9E97-68F6D08BB26F}.Release|Any CPU.ActiveCfg = Release|iPhone
		{7AD5D1F6-40B6-4737-9E97-68F6D08BB26F}.Release|Any CPU.Build.0 = Release|iPhone
		{7AD5D1F6-40B6-4737-9E97-68F6D08BB26F}.Release|Any CPU.Deploy.0 = Release|iPhone
		{7AD5D1F6-40B6-4737-9E97-68F6D08BB26F}.Release|ARM.ActiveCfg = Release|iPhone
		{7AD5D1F6-40B6-4737-9E97-68F6D08BB26F}.Release|ARM.Build.0 = Release|iPhone
		{7AD5D1F6-40B6-4737-9E97-68F6D08BB26F}.Release|ARM.Deploy.0 = Release|iPhone
		{7AD5D1F6-40B6-4737-9E97-68F6D08BB26F}.Release|iPhone.ActiveCfg = Release|iPhone
		{7AD5D1F6-40B6-4737-9E97-68F6D08BB26F}.Release|iPhone.Build.0 = Release|iPhone
		{7AD5D1F6-40B6-4737-9E97-68F6D08BB26F}.Release|iPhone.Deploy.0 = Release|iPhone
		{7AD5D1F6-40B6-4737-9E97-68F6D08BB26F}.Release|iPhoneSimulator.ActiveCfg = Release|iPhoneSimulator
		{7AD5D1F6-40B6-4737-9E97-68F6D08BB26F}.Release|iPhoneSimulator.Build.0 = Release|iPhoneSimulator
		{7AD5D1F6-40B6-4737-9E97-68F6D08BB26F}.Release|iPhoneSimulator.Deploy.0 = Release|iPhoneSimulator
		{7AD5D1F6-40B6-4737-9E97-68F6D08BB26F}.Release|x64.ActiveCfg = Release|iPhone
		{7AD5D1F6-40B6-4737-9E97-68F6D08BB26F}.Release|x64.Build.0 = Release|iPhone
		{7AD5D1F6-40B6-4737-9E97-68F6D08BB26F}.Release|x64.Deploy.0 = Release|iPhone
		{7AD5D1F6-40B6-4737-9E97-68F6D08BB26F}.Release|x86.ActiveCfg = Release|iPhone
		{7AD5D1F6-40B6-4737-9E97-68F6D08BB26F}.Release|x86.Build.0 = Release|iPhone
		{7AD5D1F6-40B6-4737-9E97-68F6D08BB26F}.Release|x86.Deploy.0 = Release|iPhone
		{75E2B43A-59CB-49AB-8EB7-64F27C69B124}.Ad-Hoc|Any CPU.ActiveCfg = Release|x86
		{75E2B43A-59CB-49AB-8EB7-64F27C69B124}.Ad-Hoc|Any CPU.Build.0 = Release|x86
		{75E2B43A-59CB-49AB-8EB7-64F27C69B124}.Ad-Hoc|Any CPU.Deploy.0 = Release|x86
		{75E2B43A-59CB-49AB-8EB7-64F27C69B124}.Ad-Hoc|ARM.ActiveCfg = Release|ARM
		{75E2B43A-59CB-49AB-8EB7-64F27C69B124}.Ad-Hoc|ARM.Build.0 = Release|ARM
		{75E2B43A-59CB-49AB-8EB7-64F27C69B124}.Ad-Hoc|ARM.Deploy.0 = Release|ARM
		{75E2B43A-59CB-49AB-8EB7-64F27C69B124}.Ad-Hoc|iPhone.ActiveCfg = Release|x86
		{75E2B43A-59CB-49AB-8EB7-64F27C69B124}.Ad-Hoc|iPhone.Build.0 = Release|x86
		{75E2B43A-59CB-49AB-8EB7-64F27C69B124}.Ad-Hoc|iPhone.Deploy.0 = Release|x86
		{75E2B43A-59CB-49AB-8EB7-64F27C69B124}.Ad-Hoc|iPhoneSimulator.ActiveCfg = Release|x86
		{75E2B43A-59CB-49AB-8EB7-64F27C69B124}.Ad-Hoc|iPhoneSimulator.Build.0 = Release|x86
		{75E2B43A-59CB-49AB-8EB7-64F27C69B124}.Ad-Hoc|iPhoneSimulator.Deploy.0 = Release|x86
		{75E2B43A-59CB-49AB-8EB7-64F27C69B124}.Ad-Hoc|x64.ActiveCfg = Release|x64
		{75E2B43A-59CB-49AB-8EB7-64F27C69B124}.Ad-Hoc|x64.Build.0 = Release|x64
		{75E2B43A-59CB-49AB-8EB7-64F27C69B124}.Ad-Hoc|x64.Deploy.0 = Release|x64
		{75E2B43A-59CB-49AB-8EB7-64F27C69B124}.Ad-Hoc|x86.ActiveCfg = Release|x86
		{75E2B43A-59CB-49AB-8EB7-64F27C69B124}.Ad-Hoc|x86.Build.0 = Release|x86
		{75E2B43A-59CB-49AB-8EB7-64F27C69B124}.Ad-Hoc|x86.Deploy.0 = Release|x86
		{75E2B43A-59CB-49AB-8EB7-64F27C69B124}.AppStore|Any CPU.ActiveCfg = Release|x86
		{75E2B43A-59CB-49AB-8EB7-64F27C69B124}.AppStore|Any CPU.Build.0 = Release|x86
		{75E2B43A-59CB-49AB-8EB7-64F27C69B124}.AppStore|Any CPU.Deploy.0 = Release|x86
		{75E2B43A-59CB-49AB-8EB7-64F27C69B124}.AppStore|ARM.ActiveCfg = Release|ARM
		{75E2B43A-59CB-49AB-8EB7-64F27C69B124}.AppStore|ARM.Build.0 = Release|ARM
		{75E2B43A-59CB-49AB-8EB7-64F27C69B124}.AppStore|ARM.Deploy.0 = Release|ARM
		{75E2B43A-59CB-49AB-8EB7-64F27C69B124}.AppStore|iPhone.ActiveCfg = Release|x86
		{75E2B43A-59CB-49AB-8EB7-64F27C69B124}.AppStore|iPhone.Build.0 = Release|x86
		{75E2B43A-59CB-49AB-8EB7-64F27C69B124}.AppStore|iPhone.Deploy.0 = Release|x86
		{75E2B43A-59CB-49AB-8EB7-64F27C69B124}.AppStore|iPhoneSimulator.ActiveCfg = Release|x86
		{75E2B43A-59CB-49AB-8EB7-64F27C69B124}.AppStore|iPhoneSimulator.Build.0 = Release|x86
		{75E2B43A-59CB-49AB-8EB7-64F27C69B124}.AppStore|iPhoneSimulator.Deploy.0 = Release|x86
		{75E2B43A-59CB-49AB-8EB7-64F27C69B124}.AppStore|x64.ActiveCfg = Release|x64
		{75E2B43A-59CB-49AB-8EB7-64F27C69B124}.AppStore|x64.Build.0 = Release|x64
		{75E2B43A-59CB-49AB-8EB7-64F27C69B124}.AppStore|x64.Deploy.0 = Release|x64
		{75E2B43A-59CB-49AB-8EB7-64F27C69B124}.AppStore|x86.ActiveCfg = Release|x86
		{75E2B43A-59CB-49AB-8EB7-64F27C69B124}.AppStore|x86.Build.0 = Release|x86
		{75E2B43A-59CB-49AB-8EB7-64F27C69B124}.AppStore|x86.Deploy.0 = Release|x86
		{75E2B43A-59CB-49AB-8EB7-64F27C69B124}.Debug|Any CPU.ActiveCfg = Debug|x86
		{75E2B43A-59CB-49AB-8EB7-64F27C69B124}.Debug|Any CPU.Build.0 = Debug|x86
		{75E2B43A-59CB-49AB-8EB7-64F27C69B124}.Debug|Any CPU.Deploy.0 = Debug|x86
		{75E2B43A-59CB-49AB-8EB7-64F27C69B124}.Debug|ARM.ActiveCfg = Debug|ARM
		{75E2B43A-59CB-49AB-8EB7-64F27C69B124}.Debug|ARM.Build.0 = Debug|ARM
		{75E2B43A-59CB-49AB-8EB7-64F27C69B124}.Debug|ARM.Deploy.0 = Debug|ARM
		{75E2B43A-59CB-49AB-8EB7-64F27C69B124}.Debug|iPhone.ActiveCfg = Debug|x86
		{75E2B43A-59CB-49AB-8EB7-64F27C69B124}.Debug|iPhone.Build.0 = Debug|x86
		{75E2B43A-59CB-49AB-8EB7-64F27C69B124}.Debug|iPhone.Deploy.0 = Debug|x86
		{75E2B43A-59CB-49AB-8EB7-64F27C69B124}.Debug|iPhoneSimulator.ActiveCfg = Debug|x86
		{75E2B43A-59CB-49AB-8EB7-64F27C69B124}.Debug|iPhoneSimulator.Build.0 = Debug|x86
		{75E2B43A-59CB-49AB-8EB7-64F27C69B124}.Debug|iPhoneSimulator.Deploy.0 = Debug|x86
		{75E2B43A-59CB-49AB-8EB7-64F27C69B124}.Debug|x64.ActiveCfg = Debug|x64
		{75E2B43A-59CB-49AB-8EB7-64F27C69B124}.Debug|x64.Build.0 = Debug|x64
		{75E2B43A-59CB-49AB-8EB7-64F27C69B124}.Debug|x64.Deploy.0 = Debug|x64
		{75E2B43A-59CB-49AB-8EB7-64F27C69B124}.Debug|x86.ActiveCfg = Debug|x86
		{75E2B43A-59CB-49AB-8EB7-64F27C69B124}.Debug|x86.Build.0 = Debug|x86
		{75E2B43A-59CB-49AB-8EB7-64F27C69B124}.Debug|x86.Deploy.0 = Debug|x86
		{75E2B43A-59CB-49AB-8EB7-64F27C69B124}.Release|Any CPU.ActiveCfg = Release|x86
		{75E2B43A-59CB-49AB-8EB7-64F27C69B124}.Release|Any CPU.Build.0 = Release|x86
		{75E2B43A-59CB-49AB-8EB7-64F27C69B124}.Release|Any CPU.Deploy.0 = Release|x86
		{75E2B43A-59CB-49AB-8EB7-64F27C69B124}.Release|ARM.ActiveCfg = Release|ARM
		{75E2B43A-59CB-49AB-8EB7-64F27C69B124}.Release|ARM.Build.0 = Release|ARM
		{75E2B43A-59CB-49AB-8EB7-64F27C69B124}.Release|ARM.Deploy.0 = Release|ARM
		{75E2B43A-59CB-49AB-8EB7-64F27C69B124}.Release|iPhone.ActiveCfg = Release|x86
		{75E2B43A-59CB-49AB-8EB7-64F27C69B124}.Release|iPhone.Build.0 = Release|x86
		{75E2B43A-59CB-49AB-8EB7-64F27C69B124}.Release|iPhone.Deploy.0 = Release|x86
		{75E2B43A-59CB-49AB-8EB7-64F27C69B124}.Release|iPhoneSimulator.ActiveCfg = Release|x86
		{75E2B43A-59CB-49AB-8EB7-64F27C69B124}.Release|iPhoneSimulator.Build.0 = Release|x86
		{75E2B43A-59CB-49AB-8EB7-64F27C69B124}.Release|iPhoneSimulator.Deploy.0 = Release|x86
		{75E2B43A-59CB-49AB-8EB7-64F27C69B124}.Release|x64.ActiveCfg = Release|x64
		{75E2B43A-59CB-49AB-8EB7-64F27C69B124}.Release|x64.Build.0 = Release|x64
		{75E2B43A-59CB-49AB-8EB7-64F27C69B124}.Release|x64.Deploy.0 = Release|x64
		{75E2B43A-59CB-49AB-8EB7-64F27C69B124}.Release|x86.ActiveCfg = Release|x86
		{75E2B43A-59CB-49AB-8EB7-64F27C69B124}.Release|x86.Build.0 = Release|x86
		{75E2B43A-59CB-49AB-8EB7-64F27C69B124}.Release|x86.Deploy.0 = Release|x86
		{80010292-1AE0-4645-92E7-E43F4E771142}.Ad-Hoc|Any CPU.ActiveCfg = Debug|Any CPU
		{80010292-1AE0-4645-92E7-E43F4E771142}.Ad-Hoc|Any CPU.Build.0 = Debug|Any CPU
		{80010292-1AE0-4645-92E7-E43F4E771142}.Ad-Hoc|Any CPU.Deploy.0 = Debug|Any CPU
		{80010292-1AE0-4645-92E7-E43F4E771142}.Ad-Hoc|ARM.ActiveCfg = Debug|Any CPU
		{80010292-1AE0-4645-92E7-E43F4E771142}.Ad-Hoc|ARM.Build.0 = Debug|Any CPU
		{80010292-1AE0-4645-92E7-E43F4E771142}.Ad-Hoc|ARM.Deploy.0 = Debug|Any CPU
		{80010292-1AE0-4645-92E7-E43F4E771142}.Ad-Hoc|iPhone.ActiveCfg = Debug|Any CPU
		{80010292-1AE0-4645-92E7-E43F4E771142}.Ad-Hoc|iPhone.Build.0 = Debug|Any CPU
		{80010292-1AE0-4645-92E7-E43F4E771142}.Ad-Hoc|iPhone.Deploy.0 = Debug|Any CPU
		{80010292-1AE0-4645-92E7-E43F4E771142}.Ad-Hoc|iPhoneSimulator.ActiveCfg = Debug|Any CPU
		{80010292-1AE0-4645-92E7-E43F4E771142}.Ad-Hoc|iPhoneSimulator.Build.0 = Debug|Any CPU
		{80010292-1AE0-4645-92E7-E43F4E771142}.Ad-Hoc|iPhoneSimulator.Deploy.0 = Debug|Any CPU
		{80010292-1AE0-4645-92E7-E43F4E771142}.Ad-Hoc|x64.ActiveCfg = Debug|Any CPU
		{80010292-1AE0-4645-92E7-E43F4E771142}.Ad-Hoc|x64.Build.0 = Debug|Any CPU
		{80010292-1AE0-4645-92E7-E43F4E771142}.Ad-Hoc|x64.Deploy.0 = Debug|Any CPU
		{80010292-1AE0-4645-92E7-E43F4E771142}.Ad-Hoc|x86.ActiveCfg = Debug|Any CPU
		{80010292-1AE0-4645-92E7-E43F4E771142}.Ad-Hoc|x86.Build.0 = Debug|Any CPU
		{80010292-1AE0-4645-92E7-E43F4E771142}.Ad-Hoc|x86.Deploy.0 = Debug|Any CPU
		{80010292-1AE0-4645-92E7-E43F4E771142}.AppStore|Any CPU.ActiveCfg = Debug|Any CPU
		{80010292-1AE0-4645-92E7-E43F4E771142}.AppStore|Any CPU.Build.0 = Debug|Any CPU
		{80010292-1AE0-4645-92E7-E43F4E771142}.AppStore|Any CPU.Deploy.0 = Debug|Any CPU
		{80010292-1AE0-4645-92E7-E43F4E771142}.AppStore|ARM.ActiveCfg = Debug|Any CPU
		{80010292-1AE0-4645-92E7-E43F4E771142}.AppStore|ARM.Build.0 = Debug|Any CPU
		{80010292-1AE0-4645-92E7-E43F4E771142}.AppStore|ARM.Deploy.0 = Debug|Any CPU
		{80010292-1AE0-4645-92E7-E43F4E771142}.AppStore|iPhone.ActiveCfg = Debug|Any CPU
		{80010292-1AE0-4645-92E7-E43F4E771142}.AppStore|iPhone.Build.0 = Debug|Any CPU
		{80010292-1AE0-4645-92E7-E43F4E771142}.AppStore|iPhone.Deploy.0 = Debug|Any CPU
		{80010292-1AE0-4645-92E7-E43F4E771142}.AppStore|iPhoneSimulator.ActiveCfg = Debug|Any CPU
		{80010292-1AE0-4645-92E7-E43F4E771142}.AppStore|iPhoneSimulator.Build.0 = Debug|Any CPU
		{80010292-1AE0-4645-92E7-E43F4E771142}.AppStore|iPhoneSimulator.Deploy.0 = Debug|Any CPU
		{80010292-1AE0-4645-92E7-E43F4E771142}.AppStore|x64.ActiveCfg = Debug|Any CPU
		{80010292-1AE0-4645-92E7-E43F4E771142}.AppStore|x64.Build.0 = Debug|Any CPU
		{80010292-1AE0-4645-92E7-E43F4E771142}.AppStore|x64.Deploy.0 = Debug|Any CPU
		{80010292-1AE0-4645-92E7-E43F4E771142}.AppStore|x86.ActiveCfg = Debug|Any CPU
		{80010292-1AE0-4645-92E7-E43F4E771142}.AppStore|x86.Build.0 = Debug|Any CPU
		{80010292-1AE0-4645-92E7-E43F4E771142}.AppStore|x86.Deploy.0 = Debug|Any CPU
		{80010292-1AE0-4645-92E7-E43F4E771142}.Debug|Any CPU.ActiveCfg = Debug|Any CPU
		{80010292-1AE0-4645-92E7-E43F4E771142}.Debug|Any CPU.Build.0 = Debug|Any CPU
		{80010292-1AE0-4645-92E7-E43F4E771142}.Debug|Any CPU.Deploy.0 = Debug|Any CPU
		{80010292-1AE0-4645-92E7-E43F4E771142}.Debug|ARM.ActiveCfg = Debug|Any CPU
		{80010292-1AE0-4645-92E7-E43F4E771142}.Debug|ARM.Build.0 = Debug|Any CPU
		{80010292-1AE0-4645-92E7-E43F4E771142}.Debug|ARM.Deploy.0 = Debug|Any CPU
		{80010292-1AE0-4645-92E7-E43F4E771142}.Debug|iPhone.ActiveCfg = Debug|Any CPU
		{80010292-1AE0-4645-92E7-E43F4E771142}.Debug|iPhone.Build.0 = Debug|Any CPU
		{80010292-1AE0-4645-92E7-E43F4E771142}.Debug|iPhone.Deploy.0 = Debug|Any CPU
		{80010292-1AE0-4645-92E7-E43F4E771142}.Debug|iPhoneSimulator.ActiveCfg = Debug|Any CPU
		{80010292-1AE0-4645-92E7-E43F4E771142}.Debug|iPhoneSimulator.Build.0 = Debug|Any CPU
		{80010292-1AE0-4645-92E7-E43F4E771142}.Debug|iPhoneSimulator.Deploy.0 = Debug|Any CPU
		{80010292-1AE0-4645-92E7-E43F4E771142}.Debug|x64.ActiveCfg = Debug|Any CPU
		{80010292-1AE0-4645-92E7-E43F4E771142}.Debug|x64.Build.0 = Debug|Any CPU
		{80010292-1AE0-4645-92E7-E43F4E771142}.Debug|x64.Deploy.0 = Debug|Any CPU
		{80010292-1AE0-4645-92E7-E43F4E771142}.Debug|x86.ActiveCfg = Debug|Any CPU
		{80010292-1AE0-4645-92E7-E43F4E771142}.Debug|x86.Build.0 = Debug|Any CPU
		{80010292-1AE0-4645-92E7-E43F4E771142}.Debug|x86.Deploy.0 = Debug|Any CPU
		{80010292-1AE0-4645-92E7-E43F4E771142}.Release|Any CPU.ActiveCfg = Release|Any CPU
		{80010292-1AE0-4645-92E7-E43F4E771142}.Release|Any CPU.Build.0 = Release|Any CPU
		{80010292-1AE0-4645-92E7-E43F4E771142}.Release|Any CPU.Deploy.0 = Release|Any CPU
		{80010292-1AE0-4645-92E7-E43F4E771142}.Release|ARM.ActiveCfg = Release|Any CPU
		{80010292-1AE0-4645-92E7-E43F4E771142}.Release|ARM.Build.0 = Release|Any CPU
		{80010292-1AE0-4645-92E7-E43F4E771142}.Release|ARM.Deploy.0 = Release|Any CPU
		{80010292-1AE0-4645-92E7-E43F4E771142}.Release|iPhone.ActiveCfg = Release|Any CPU
		{80010292-1AE0-4645-92E7-E43F4E771142}.Release|iPhone.Build.0 = Release|Any CPU
		{80010292-1AE0-4645-92E7-E43F4E771142}.Release|iPhone.Deploy.0 = Release|Any CPU
		{80010292-1AE0-4645-92E7-E43F4E771142}.Release|iPhoneSimulator.ActiveCfg = Release|Any CPU
		{80010292-1AE0-4645-92E7-E43F4E771142}.Release|iPhoneSimulator.Build.0 = Release|Any CPU
		{80010292-1AE0-4645-92E7-E43F4E771142}.Release|iPhoneSimulator.Deploy.0 = Release|Any CPU
		{80010292-1AE0-4645-92E7-E43F4E771142}.Release|x64.ActiveCfg = Release|Any CPU
		{80010292-1AE0-4645-92E7-E43F4E771142}.Release|x64.Build.0 = Release|Any CPU
		{80010292-1AE0-4645-92E7-E43F4E771142}.Release|x64.Deploy.0 = Release|Any CPU
		{80010292-1AE0-4645-92E7-E43F4E771142}.Release|x86.ActiveCfg = Release|Any CPU
		{80010292-1AE0-4645-92E7-E43F4E771142}.Release|x86.Build.0 = Release|Any CPU
		{80010292-1AE0-4645-92E7-E43F4E771142}.Release|x86.Deploy.0 = Release|Any CPU
		{A71E9288-C156-4748-BE49-48005ED93D7A}.Ad-Hoc|Any CPU.ActiveCfg = Release|Any CPU
		{A71E9288-C156-4748-BE49-48005ED93D7A}.Ad-Hoc|Any CPU.Build.0 = Release|Any CPU
		{A71E9288-C156-4748-BE49-48005ED93D7A}.Ad-Hoc|ARM.ActiveCfg = Release|Any CPU
		{A71E9288-C156-4748-BE49-48005ED93D7A}.Ad-Hoc|ARM.Build.0 = Release|Any CPU
		{A71E9288-C156-4748-BE49-48005ED93D7A}.Ad-Hoc|iPhone.ActiveCfg = Release|Any CPU
		{A71E9288-C156-4748-BE49-48005ED93D7A}.Ad-Hoc|iPhone.Build.0 = Release|Any CPU
		{A71E9288-C156-4748-BE49-48005ED93D7A}.Ad-Hoc|iPhoneSimulator.ActiveCfg = Release|Any CPU
		{A71E9288-C156-4748-BE49-48005ED93D7A}.Ad-Hoc|iPhoneSimulator.Build.0 = Release|Any CPU
		{A71E9288-C156-4748-BE49-48005ED93D7A}.Ad-Hoc|x64.ActiveCfg = Release|Any CPU
		{A71E9288-C156-4748-BE49-48005ED93D7A}.Ad-Hoc|x64.Build.0 = Release|Any CPU
		{A71E9288-C156-4748-BE49-48005ED93D7A}.Ad-Hoc|x86.ActiveCfg = Release|Any CPU
		{A71E9288-C156-4748-BE49-48005ED93D7A}.Ad-Hoc|x86.Build.0 = Release|Any CPU
		{A71E9288-C156-4748-BE49-48005ED93D7A}.AppStore|Any CPU.ActiveCfg = Release|Any CPU
		{A71E9288-C156-4748-BE49-48005ED93D7A}.AppStore|Any CPU.Build.0 = Release|Any CPU
		{A71E9288-C156-4748-BE49-48005ED93D7A}.AppStore|ARM.ActiveCfg = Release|Any CPU
		{A71E9288-C156-4748-BE49-48005ED93D7A}.AppStore|ARM.Build.0 = Release|Any CPU
		{A71E9288-C156-4748-BE49-48005ED93D7A}.AppStore|iPhone.ActiveCfg = Release|Any CPU
		{A71E9288-C156-4748-BE49-48005ED93D7A}.AppStore|iPhone.Build.0 = Release|Any CPU
		{A71E9288-C156-4748-BE49-48005ED93D7A}.AppStore|iPhoneSimulator.ActiveCfg = Release|Any CPU
		{A71E9288-C156-4748-BE49-48005ED93D7A}.AppStore|iPhoneSimulator.Build.0 = Release|Any CPU
		{A71E9288-C156-4748-BE49-48005ED93D7A}.AppStore|x64.ActiveCfg = Release|Any CPU
		{A71E9288-C156-4748-BE49-48005ED93D7A}.AppStore|x64.Build.0 = Release|Any CPU
		{A71E9288-C156-4748-BE49-48005ED93D7A}.AppStore|x86.ActiveCfg = Release|Any CPU
		{A71E9288-C156-4748-BE49-48005ED93D7A}.AppStore|x86.Build.0 = Release|Any CPU
		{A71E9288-C156-4748-BE49-48005ED93D7A}.Debug|Any CPU.ActiveCfg = Debug|Any CPU
		{A71E9288-C156-4748-BE49-48005ED93D7A}.Debug|Any CPU.Build.0 = Debug|Any CPU
		{A71E9288-C156-4748-BE49-48005ED93D7A}.Debug|ARM.ActiveCfg = Debug|Any CPU
		{A71E9288-C156-4748-BE49-48005ED93D7A}.Debug|ARM.Build.0 = Debug|Any CPU
		{A71E9288-C156-4748-BE49-48005ED93D7A}.Debug|iPhone.ActiveCfg = Debug|Any CPU
		{A71E9288-C156-4748-BE49-48005ED93D7A}.Debug|iPhone.Build.0 = Debug|Any CPU
		{A71E9288-C156-4748-BE49-48005ED93D7A}.Debug|iPhoneSimulator.ActiveCfg = Debug|Any CPU
		{A71E9288-C156-4748-BE49-48005ED93D7A}.Debug|iPhoneSimulator.Build.0 = Debug|Any CPU
		{A71E9288-C156-4748-BE49-48005ED93D7A}.Debug|x64.ActiveCfg = Debug|Any CPU
		{A71E9288-C156-4748-BE49-48005ED93D7A}.Debug|x64.Build.0 = Debug|Any CPU
		{A71E9288-C156-4748-BE49-48005ED93D7A}.Debug|x86.ActiveCfg = Debug|Any CPU
		{A71E9288-C156-4748-BE49-48005ED93D7A}.Debug|x86.Build.0 = Debug|Any CPU
		{A71E9288-C156-4748-BE49-48005ED93D7A}.Release|Any CPU.ActiveCfg = Release|Any CPU
		{A71E9288-C156-4748-BE49-48005ED93D7A}.Release|Any CPU.Build.0 = Release|Any CPU
		{A71E9288-C156-4748-BE49-48005ED93D7A}.Release|ARM.ActiveCfg = Release|Any CPU
		{A71E9288-C156-4748-BE49-48005ED93D7A}.Release|ARM.Build.0 = Release|Any CPU
		{A71E9288-C156-4748-BE49-48005ED93D7A}.Release|iPhone.ActiveCfg = Release|Any CPU
		{A71E9288-C156-4748-BE49-48005ED93D7A}.Release|iPhone.Build.0 = Release|Any CPU
		{A71E9288-C156-4748-BE49-48005ED93D7A}.Release|iPhoneSimulator.ActiveCfg = Release|Any CPU
		{A71E9288-C156-4748-BE49-48005ED93D7A}.Release|iPhoneSimulator.Build.0 = Release|Any CPU
		{A71E9288-C156-4748-BE49-48005ED93D7A}.Release|x64.ActiveCfg = Release|Any CPU
		{A71E9288-C156-4748-BE49-48005ED93D7A}.Release|x64.Build.0 = Release|Any CPU
		{A71E9288-C156-4748-BE49-48005ED93D7A}.Release|x86.ActiveCfg = Release|Any CPU
		{A71E9288-C156-4748-BE49-48005ED93D7A}.Release|x86.Build.0 = Release|Any CPU
		{A6C4722E-6C25-45D8-9135-16AE1161BAC3}.Ad-Hoc|Any CPU.ActiveCfg = Release|Any CPU
		{A6C4722E-6C25-45D8-9135-16AE1161BAC3}.Ad-Hoc|Any CPU.Build.0 = Release|Any CPU
		{A6C4722E-6C25-45D8-9135-16AE1161BAC3}.Ad-Hoc|ARM.ActiveCfg = Release|Any CPU
		{A6C4722E-6C25-45D8-9135-16AE1161BAC3}.Ad-Hoc|ARM.Build.0 = Release|Any CPU
		{A6C4722E-6C25-45D8-9135-16AE1161BAC3}.Ad-Hoc|iPhone.ActiveCfg = Release|Any CPU
		{A6C4722E-6C25-45D8-9135-16AE1161BAC3}.Ad-Hoc|iPhone.Build.0 = Release|Any CPU
		{A6C4722E-6C25-45D8-9135-16AE1161BAC3}.Ad-Hoc|iPhoneSimulator.ActiveCfg = Release|Any CPU
		{A6C4722E-6C25-45D8-9135-16AE1161BAC3}.Ad-Hoc|iPhoneSimulator.Build.0 = Release|Any CPU
		{A6C4722E-6C25-45D8-9135-16AE1161BAC3}.Ad-Hoc|x64.ActiveCfg = Release|Any CPU
		{A6C4722E-6C25-45D8-9135-16AE1161BAC3}.Ad-Hoc|x64.Build.0 = Release|Any CPU
		{A6C4722E-6C25-45D8-9135-16AE1161BAC3}.Ad-Hoc|x86.ActiveCfg = Release|Any CPU
		{A6C4722E-6C25-45D8-9135-16AE1161BAC3}.Ad-Hoc|x86.Build.0 = Release|Any CPU
		{A6C4722E-6C25-45D8-9135-16AE1161BAC3}.AppStore|Any CPU.ActiveCfg = Release|Any CPU
		{A6C4722E-6C25-45D8-9135-16AE1161BAC3}.AppStore|Any CPU.Build.0 = Release|Any CPU
		{A6C4722E-6C25-45D8-9135-16AE1161BAC3}.AppStore|ARM.ActiveCfg = Release|Any CPU
		{A6C4722E-6C25-45D8-9135-16AE1161BAC3}.AppStore|ARM.Build.0 = Release|Any CPU
		{A6C4722E-6C25-45D8-9135-16AE1161BAC3}.AppStore|iPhone.ActiveCfg = Release|Any CPU
		{A6C4722E-6C25-45D8-9135-16AE1161BAC3}.AppStore|iPhone.Build.0 = Release|Any CPU
		{A6C4722E-6C25-45D8-9135-16AE1161BAC3}.AppStore|iPhoneSimulator.ActiveCfg = Release|Any CPU
		{A6C4722E-6C25-45D8-9135-16AE1161BAC3}.AppStore|iPhoneSimulator.Build.0 = Release|Any CPU
		{A6C4722E-6C25-45D8-9135-16AE1161BAC3}.AppStore|x64.ActiveCfg = Release|Any CPU
		{A6C4722E-6C25-45D8-9135-16AE1161BAC3}.AppStore|x64.Build.0 = Release|Any CPU
		{A6C4722E-6C25-45D8-9135-16AE1161BAC3}.AppStore|x86.ActiveCfg = Release|Any CPU
		{A6C4722E-6C25-45D8-9135-16AE1161BAC3}.AppStore|x86.Build.0 = Release|Any CPU
		{A6C4722E-6C25-45D8-9135-16AE1161BAC3}.Debug|Any CPU.ActiveCfg = Debug|Any CPU
		{A6C4722E-6C25-45D8-9135-16AE1161BAC3}.Debug|Any CPU.Build.0 = Debug|Any CPU
		{A6C4722E-6C25-45D8-9135-16AE1161BAC3}.Debug|ARM.ActiveCfg = Debug|Any CPU
		{A6C4722E-6C25-45D8-9135-16AE1161BAC3}.Debug|ARM.Build.0 = Debug|Any CPU
		{A6C4722E-6C25-45D8-9135-16AE1161BAC3}.Debug|iPhone.ActiveCfg = Debug|Any CPU
		{A6C4722E-6C25-45D8-9135-16AE1161BAC3}.Debug|iPhone.Build.0 = Debug|Any CPU
		{A6C4722E-6C25-45D8-9135-16AE1161BAC3}.Debug|iPhoneSimulator.ActiveCfg = Debug|Any CPU
		{A6C4722E-6C25-45D8-9135-16AE1161BAC3}.Debug|iPhoneSimulator.Build.0 = Debug|Any CPU
		{A6C4722E-6C25-45D8-9135-16AE1161BAC3}.Debug|x64.ActiveCfg = Debug|Any CPU
		{A6C4722E-6C25-45D8-9135-16AE1161BAC3}.Debug|x64.Build.0 = Debug|Any CPU
		{A6C4722E-6C25-45D8-9135-16AE1161BAC3}.Debug|x86.ActiveCfg = Debug|Any CPU
		{A6C4722E-6C25-45D8-9135-16AE1161BAC3}.Debug|x86.Build.0 = Debug|Any CPU
		{A6C4722E-6C25-45D8-9135-16AE1161BAC3}.Release|Any CPU.ActiveCfg = Release|Any CPU
		{A6C4722E-6C25-45D8-9135-16AE1161BAC3}.Release|Any CPU.Build.0 = Release|Any CPU
		{A6C4722E-6C25-45D8-9135-16AE1161BAC3}.Release|ARM.ActiveCfg = Release|Any CPU
		{A6C4722E-6C25-45D8-9135-16AE1161BAC3}.Release|ARM.Build.0 = Release|Any CPU
		{A6C4722E-6C25-45D8-9135-16AE1161BAC3}.Release|iPhone.ActiveCfg = Release|Any CPU
		{A6C4722E-6C25-45D8-9135-16AE1161BAC3}.Release|iPhone.Build.0 = Release|Any CPU
		{A6C4722E-6C25-45D8-9135-16AE1161BAC3}.Release|iPhoneSimulator.ActiveCfg = Release|Any CPU
		{A6C4722E-6C25-45D8-9135-16AE1161BAC3}.Release|iPhoneSimulator.Build.0 = Release|Any CPU
		{A6C4722E-6C25-45D8-9135-16AE1161BAC3}.Release|x64.ActiveCfg = Release|Any CPU
		{A6C4722E-6C25-45D8-9135-16AE1161BAC3}.Release|x64.Build.0 = Release|Any CPU
		{A6C4722E-6C25-45D8-9135-16AE1161BAC3}.Release|x86.ActiveCfg = Release|Any CPU
		{A6C4722E-6C25-45D8-9135-16AE1161BAC3}.Release|x86.Build.0 = Release|Any CPU
		{F91464BE-3606-42EA-B6D5-DDDD6EF83116}.Ad-Hoc|Any CPU.ActiveCfg = Release|Any CPU
		{F91464BE-3606-42EA-B6D5-DDDD6EF83116}.Ad-Hoc|Any CPU.Build.0 = Release|Any CPU
		{F91464BE-3606-42EA-B6D5-DDDD6EF83116}.Ad-Hoc|ARM.ActiveCfg = Release|Any CPU
		{F91464BE-3606-42EA-B6D5-DDDD6EF83116}.Ad-Hoc|ARM.Build.0 = Release|Any CPU
		{F91464BE-3606-42EA-B6D5-DDDD6EF83116}.Ad-Hoc|iPhone.ActiveCfg = Release|Any CPU
		{F91464BE-3606-42EA-B6D5-DDDD6EF83116}.Ad-Hoc|iPhone.Build.0 = Release|Any CPU
		{F91464BE-3606-42EA-B6D5-DDDD6EF83116}.Ad-Hoc|iPhoneSimulator.ActiveCfg = Release|Any CPU
		{F91464BE-3606-42EA-B6D5-DDDD6EF83116}.Ad-Hoc|iPhoneSimulator.Build.0 = Release|Any CPU
		{F91464BE-3606-42EA-B6D5-DDDD6EF83116}.Ad-Hoc|x64.ActiveCfg = Release|Any CPU
		{F91464BE-3606-42EA-B6D5-DDDD6EF83116}.Ad-Hoc|x64.Build.0 = Release|Any CPU
		{F91464BE-3606-42EA-B6D5-DDDD6EF83116}.Ad-Hoc|x86.ActiveCfg = Release|Any CPU
		{F91464BE-3606-42EA-B6D5-DDDD6EF83116}.Ad-Hoc|x86.Build.0 = Release|Any CPU
		{F91464BE-3606-42EA-B6D5-DDDD6EF83116}.AppStore|Any CPU.ActiveCfg = Release|Any CPU
		{F91464BE-3606-42EA-B6D5-DDDD6EF83116}.AppStore|Any CPU.Build.0 = Release|Any CPU
		{F91464BE-3606-42EA-B6D5-DDDD6EF83116}.AppStore|ARM.ActiveCfg = Release|Any CPU
		{F91464BE-3606-42EA-B6D5-DDDD6EF83116}.AppStore|ARM.Build.0 = Release|Any CPU
		{F91464BE-3606-42EA-B6D5-DDDD6EF83116}.AppStore|iPhone.ActiveCfg = Release|Any CPU
		{F91464BE-3606-42EA-B6D5-DDDD6EF83116}.AppStore|iPhone.Build.0 = Release|Any CPU
		{F91464BE-3606-42EA-B6D5-DDDD6EF83116}.AppStore|iPhoneSimulator.ActiveCfg = Release|Any CPU
		{F91464BE-3606-42EA-B6D5-DDDD6EF83116}.AppStore|iPhoneSimulator.Build.0 = Release|Any CPU
		{F91464BE-3606-42EA-B6D5-DDDD6EF83116}.AppStore|x64.ActiveCfg = Release|Any CPU
		{F91464BE-3606-42EA-B6D5-DDDD6EF83116}.AppStore|x64.Build.0 = Release|Any CPU
		{F91464BE-3606-42EA-B6D5-DDDD6EF83116}.AppStore|x86.ActiveCfg = Release|Any CPU
		{F91464BE-3606-42EA-B6D5-DDDD6EF83116}.AppStore|x86.Build.0 = Release|Any CPU
		{F91464BE-3606-42EA-B6D5-DDDD6EF83116}.Debug|Any CPU.ActiveCfg = Debug|Any CPU
		{F91464BE-3606-42EA-B6D5-DDDD6EF83116}.Debug|Any CPU.Build.0 = Debug|Any CPU
		{F91464BE-3606-42EA-B6D5-DDDD6EF83116}.Debug|ARM.ActiveCfg = Debug|Any CPU
		{F91464BE-3606-42EA-B6D5-DDDD6EF83116}.Debug|ARM.Build.0 = Debug|Any CPU
		{F91464BE-3606-42EA-B6D5-DDDD6EF83116}.Debug|iPhone.ActiveCfg = Debug|Any CPU
		{F91464BE-3606-42EA-B6D5-DDDD6EF83116}.Debug|iPhone.Build.0 = Debug|Any CPU
		{F91464BE-3606-42EA-B6D5-DDDD6EF83116}.Debug|iPhoneSimulator.ActiveCfg = Debug|Any CPU
		{F91464BE-3606-42EA-B6D5-DDDD6EF83116}.Debug|iPhoneSimulator.Build.0 = Debug|Any CPU
		{F91464BE-3606-42EA-B6D5-DDDD6EF83116}.Debug|x64.ActiveCfg = Debug|Any CPU
		{F91464BE-3606-42EA-B6D5-DDDD6EF83116}.Debug|x64.Build.0 = Debug|Any CPU
		{F91464BE-3606-42EA-B6D5-DDDD6EF83116}.Debug|x86.ActiveCfg = Debug|Any CPU
		{F91464BE-3606-42EA-B6D5-DDDD6EF83116}.Debug|x86.Build.0 = Debug|Any CPU
		{F91464BE-3606-42EA-B6D5-DDDD6EF83116}.Release|Any CPU.ActiveCfg = Release|Any CPU
		{F91464BE-3606-42EA-B6D5-DDDD6EF83116}.Release|Any CPU.Build.0 = Release|Any CPU
		{F91464BE-3606-42EA-B6D5-DDDD6EF83116}.Release|ARM.ActiveCfg = Release|Any CPU
		{F91464BE-3606-42EA-B6D5-DDDD6EF83116}.Release|ARM.Build.0 = Release|Any CPU
		{F91464BE-3606-42EA-B6D5-DDDD6EF83116}.Release|iPhone.ActiveCfg = Release|Any CPU
		{F91464BE-3606-42EA-B6D5-DDDD6EF83116}.Release|iPhone.Build.0 = Release|Any CPU
		{F91464BE-3606-42EA-B6D5-DDDD6EF83116}.Release|iPhoneSimulator.ActiveCfg = Release|Any CPU
		{F91464BE-3606-42EA-B6D5-DDDD6EF83116}.Release|iPhoneSimulator.Build.0 = Release|Any CPU
		{F91464BE-3606-42EA-B6D5-DDDD6EF83116}.Release|x64.ActiveCfg = Release|Any CPU
		{F91464BE-3606-42EA-B6D5-DDDD6EF83116}.Release|x64.Build.0 = Release|Any CPU
		{F91464BE-3606-42EA-B6D5-DDDD6EF83116}.Release|x86.ActiveCfg = Release|Any CPU
		{F91464BE-3606-42EA-B6D5-DDDD6EF83116}.Release|x86.Build.0 = Release|Any CPU
		{E05D223E-4F42-4E38-BF5A-1B9A8F4A01B4}.Ad-Hoc|Any CPU.ActiveCfg = Release|Any CPU
		{E05D223E-4F42-4E38-BF5A-1B9A8F4A01B4}.Ad-Hoc|Any CPU.Build.0 = Release|Any CPU
		{E05D223E-4F42-4E38-BF5A-1B9A8F4A01B4}.Ad-Hoc|ARM.ActiveCfg = Release|Any CPU
		{E05D223E-4F42-4E38-BF5A-1B9A8F4A01B4}.Ad-Hoc|ARM.Build.0 = Release|Any CPU
		{E05D223E-4F42-4E38-BF5A-1B9A8F4A01B4}.Ad-Hoc|iPhone.ActiveCfg = Release|Any CPU
		{E05D223E-4F42-4E38-BF5A-1B9A8F4A01B4}.Ad-Hoc|iPhone.Build.0 = Release|Any CPU
		{E05D223E-4F42-4E38-BF5A-1B9A8F4A01B4}.Ad-Hoc|iPhoneSimulator.ActiveCfg = Release|Any CPU
		{E05D223E-4F42-4E38-BF5A-1B9A8F4A01B4}.Ad-Hoc|iPhoneSimulator.Build.0 = Release|Any CPU
		{E05D223E-4F42-4E38-BF5A-1B9A8F4A01B4}.Ad-Hoc|x64.ActiveCfg = Release|Any CPU
		{E05D223E-4F42-4E38-BF5A-1B9A8F4A01B4}.Ad-Hoc|x64.Build.0 = Release|Any CPU
		{E05D223E-4F42-4E38-BF5A-1B9A8F4A01B4}.Ad-Hoc|x86.ActiveCfg = Release|Any CPU
		{E05D223E-4F42-4E38-BF5A-1B9A8F4A01B4}.Ad-Hoc|x86.Build.0 = Release|Any CPU
		{E05D223E-4F42-4E38-BF5A-1B9A8F4A01B4}.AppStore|Any CPU.ActiveCfg = Release|Any CPU
		{E05D223E-4F42-4E38-BF5A-1B9A8F4A01B4}.AppStore|Any CPU.Build.0 = Release|Any CPU
		{E05D223E-4F42-4E38-BF5A-1B9A8F4A01B4}.AppStore|ARM.ActiveCfg = Release|Any CPU
		{E05D223E-4F42-4E38-BF5A-1B9A8F4A01B4}.AppStore|ARM.Build.0 = Release|Any CPU
		{E05D223E-4F42-4E38-BF5A-1B9A8F4A01B4}.AppStore|iPhone.ActiveCfg = Release|Any CPU
		{E05D223E-4F42-4E38-BF5A-1B9A8F4A01B4}.AppStore|iPhone.Build.0 = Release|Any CPU
		{E05D223E-4F42-4E38-BF5A-1B9A8F4A01B4}.AppStore|iPhoneSimulator.ActiveCfg = Release|Any CPU
		{E05D223E-4F42-4E38-BF5A-1B9A8F4A01B4}.AppStore|iPhoneSimulator.Build.0 = Release|Any CPU
		{E05D223E-4F42-4E38-BF5A-1B9A8F4A01B4}.AppStore|x64.ActiveCfg = Release|Any CPU
		{E05D223E-4F42-4E38-BF5A-1B9A8F4A01B4}.AppStore|x64.Build.0 = Release|Any CPU
		{E05D223E-4F42-4E38-BF5A-1B9A8F4A01B4}.AppStore|x86.ActiveCfg = Release|Any CPU
		{E05D223E-4F42-4E38-BF5A-1B9A8F4A01B4}.AppStore|x86.Build.0 = Release|Any CPU
		{E05D223E-4F42-4E38-BF5A-1B9A8F4A01B4}.Debug|Any CPU.ActiveCfg = Debug|Any CPU
		{E05D223E-4F42-4E38-BF5A-1B9A8F4A01B4}.Debug|Any CPU.Build.0 = Debug|Any CPU
		{E05D223E-4F42-4E38-BF5A-1B9A8F4A01B4}.Debug|ARM.ActiveCfg = Debug|Any CPU
		{E05D223E-4F42-4E38-BF5A-1B9A8F4A01B4}.Debug|ARM.Build.0 = Debug|Any CPU
		{E05D223E-4F42-4E38-BF5A-1B9A8F4A01B4}.Debug|iPhone.ActiveCfg = Debug|Any CPU
		{E05D223E-4F42-4E38-BF5A-1B9A8F4A01B4}.Debug|iPhone.Build.0 = Debug|Any CPU
		{E05D223E-4F42-4E38-BF5A-1B9A8F4A01B4}.Debug|iPhoneSimulator.ActiveCfg = Debug|Any CPU
		{E05D223E-4F42-4E38-BF5A-1B9A8F4A01B4}.Debug|iPhoneSimulator.Build.0 = Debug|Any CPU
		{E05D223E-4F42-4E38-BF5A-1B9A8F4A01B4}.Debug|x64.ActiveCfg = Debug|Any CPU
		{E05D223E-4F42-4E38-BF5A-1B9A8F4A01B4}.Debug|x64.Build.0 = Debug|Any CPU
		{E05D223E-4F42-4E38-BF5A-1B9A8F4A01B4}.Debug|x86.ActiveCfg = Debug|Any CPU
		{E05D223E-4F42-4E38-BF5A-1B9A8F4A01B4}.Debug|x86.Build.0 = Debug|Any CPU
		{E05D223E-4F42-4E38-BF5A-1B9A8F4A01B4}.Release|Any CPU.ActiveCfg = Release|Any CPU
		{E05D223E-4F42-4E38-BF5A-1B9A8F4A01B4}.Release|Any CPU.Build.0 = Release|Any CPU
		{E05D223E-4F42-4E38-BF5A-1B9A8F4A01B4}.Release|ARM.ActiveCfg = Release|Any CPU
		{E05D223E-4F42-4E38-BF5A-1B9A8F4A01B4}.Release|ARM.Build.0 = Release|Any CPU
		{E05D223E-4F42-4E38-BF5A-1B9A8F4A01B4}.Release|iPhone.ActiveCfg = Release|Any CPU
		{E05D223E-4F42-4E38-BF5A-1B9A8F4A01B4}.Release|iPhone.Build.0 = Release|Any CPU
		{E05D223E-4F42-4E38-BF5A-1B9A8F4A01B4}.Release|iPhoneSimulator.ActiveCfg = Release|Any CPU
		{E05D223E-4F42-4E38-BF5A-1B9A8F4A01B4}.Release|iPhoneSimulator.Build.0 = Release|Any CPU
		{E05D223E-4F42-4E38-BF5A-1B9A8F4A01B4}.Release|x64.ActiveCfg = Release|Any CPU
		{E05D223E-4F42-4E38-BF5A-1B9A8F4A01B4}.Release|x64.Build.0 = Release|Any CPU
		{E05D223E-4F42-4E38-BF5A-1B9A8F4A01B4}.Release|x86.ActiveCfg = Release|Any CPU
		{E05D223E-4F42-4E38-BF5A-1B9A8F4A01B4}.Release|x86.Build.0 = Release|Any CPU
	EndGlobalSection
	GlobalSection(SolutionProperties) = preSolution
		HideSolutionNode = FALSE
	EndGlobalSection
	GlobalSection(ExtensibilityGlobals) = postSolution
		SolutionGuid = {9E2744E0-7128-4B78-84E8-27E22EF8C5C7}
	EndGlobalSection
EndGlobal
